{
  "name": "app",
  "lockfileVersion": 3,
  "requires": true,
  "packages": {
    "": {
      "name": "app",
      "devDependencies": {
        "daisyui": "^5.0.50"
      }
    },
    "node_modules/daisyui": {
      "version": "5.0.50",
      "resolved": "https://registry.npmjs.org/daisyui/-/daisyui-5.0.50.tgz",
      "integrity": "sha512-c1PweK5RI1C76q58FKvbS4jzgyNJSP6CGTQ+KkZYzADdJoERnOxFoeLfDHmQgxLpjEzlYhFMXCeodQNLCC9bow==",
      "dev": true,
      "license": "MIT",
      "funding": {
        "url": "https://github.com/saadeghi/daisyui?sponsor=1"
      }
    }
  }
}
